
Microsoft Visual Studio Solution File, Format Version 12.00
# Visual Studio 15
Project("{FAE04EC0-301F-11D3-BF4B-00C04F79EFBC}") = "Assembly-CSharp", "Assembly-CSharp.csproj", "{8B1AC979-0F9A-85FE-5525-714B47A14E18}"
EndProject
Project("{FAE04EC0-301F-11D3-BF4B-00C04F79EFBC}") = "Assembly-CSharp-Editor-firstpass", "Assembly-CSharp-Editor-firstpass.csproj", "{5BB38A5A-93DA-68AC-896F-5ED561938E0A}"
EndProject
Global
	GlobalSection(SolutionConfigurationPlatforms) = preSolution
		Debug|Any CPU = Debug|Any CPU
		Release|Any CPU = Release|Any CPU
	EndGlobalSection
	GlobalSection(ProjectConfigurationPlatforms) = postSolution
		{8B1AC979-0F9A-85FE-5525-714B47A14E18}.Debug|Any CPU.ActiveCfg = Debug|Any CPU
		{8B1AC979-0F9A-85FE-5525-714B47A14E18}.Debug|Any CPU.Build.0 = Debug|Any CPU
		{8B1AC979-0F9A-85FE-5525-714B47A14E18}.Release|Any CPU.ActiveCfg = Release|Any CPU
		{8B1AC979-0F9A-85FE-5525-714B47A14E18}.Release|Any CPU.Build.0 = Release|Any CPU
		{5BB38A5A-93DA-68AC-896F-5ED561938E0A}.Debug|Any CPU.ActiveCfg = Debug|Any CPU
		{5BB38A5A-93DA-68AC-896F-5ED561938E0A}.Debug|Any CPU.Build.0 = Debug|Any CPU
		{5BB38A5A-93DA-68AC-896F-5ED561938E0A}.Release|Any CPU.ActiveCfg = Release|Any CPU
		{5BB38A5A-93DA-68AC-896F-5ED561938E0A}.Release|Any CPU.Build.0 = Release|Any CPU
	EndGlobalSection
	GlobalSection(SolutionProperties) = preSolution
		HideSolutionNode = FALSE
	EndGlobalSection
EndGlobal
