
Microsoft Visual Studio Solution File, Format Version 12.00
# Visual Studio 15
Project("{FAE04EC0-301F-11D3-BF4B-00C04F79EFBC}") = "Assembly-CSharp", "Assembly-CSharp.csproj", "{ADAB7184-8E22-C0F8-33E1-F8BBCDA5CB9D}"
EndProject
Project("{FAE04EC0-301F-11D3-BF4B-00C04F79EFBC}") = "Assembly-CSharp-Editor-firstpass", "Assembly-CSharp-Editor-firstpass.csproj", "{783EE7A4-AE1D-1A4F-2F8E-945E33D0FC72}"
EndProject
Global
	GlobalSection(SolutionConfigurationPlatforms) = preSolution
		Debug|Any CPU = Debug|Any CPU
		Release|Any CPU = Release|Any CPU
	EndGlobalSection
	GlobalSection(ProjectConfigurationPlatforms) = postSolution
		{ADAB7184-8E22-C0F8-33E1-F8BBCDA5CB9D}.Debug|Any CPU.ActiveCfg = Debug|Any CPU
		{ADAB7184-8E22-C0F8-33E1-F8BBCDA5CB9D}.Debug|Any CPU.Build.0 = Debug|Any CPU
		{ADAB7184-8E22-C0F8-33E1-F8BBCDA5CB9D}.Release|Any CPU.ActiveCfg = Release|Any CPU
		{ADAB7184-8E22-C0F8-33E1-F8BBCDA5CB9D}.Release|Any CPU.Build.0 = Release|Any CPU
		{783EE7A4-AE1D-1A4F-2F8E-945E33D0FC72}.Debug|Any CPU.ActiveCfg = Debug|Any CPU
		{783EE7A4-AE1D-1A4F-2F8E-945E33D0FC72}.Debug|Any CPU.Build.0 = Debug|Any CPU
		{783EE7A4-AE1D-1A4F-2F8E-945E33D0FC72}.Release|Any CPU.ActiveCfg = Release|Any CPU
		{783EE7A4-AE1D-1A4F-2F8E-945E33D0FC72}.Release|Any CPU.Build.0 = Release|Any CPU
	EndGlobalSection
	GlobalSection(SolutionProperties) = preSolution
		HideSolutionNode = FALSE
	EndGlobalSection
EndGlobal
